
Microsoft Visual Studio Solution File, Format Version 12.00
# Visual Studio 15
Project("{FAE04EC0-301F-11D3-BF4B-00C04F79EFBC}") = "Unity.Timeline", "Unity.Timeline.csproj", "{510CF57A-2EA6-0BF1-A97E-BC81ECF8BD65}"
EndProject
Project("{FAE04EC0-301F-11D3-BF4B-00C04F79EFBC}") = "Unity.RenderPipelines.GPUDriven.Runtime", "Unity.RenderPipelines.GPUDriven.Runtime.csproj", "{A576616F-8711-305B-2132-717BBA1144C1}"
EndProject
Project("{FAE04EC0-301F-11D3-BF4B-00C04F79EFBC}") = "Unity.PlasticSCM.Editor", "Unity.PlasticSCM.Editor.csproj", "{CA0CD6F7-70D6-A857-39CD-FE7B433E9D61}"
EndProject
Project("{FAE04EC0-301F-11D3-BF4B-00C04F79EFBC}") = "Unity.2D.Aseprite.Editor", "Unity.2D.Aseprite.Editor.csproj", "{C164F28D-F5E4-C5F3-A9B8-BD56C490174A}"
EndProject
Project("{FAE04EC0-301F-11D3-BF4B-00C04F79EFBC}") = "Unity.ShaderGraph.Editor", "Unity.ShaderGraph.Editor.csproj", "{3C255E19-A268-6BC1-933C-5D087D1F1169}"
EndProject
Project("{FAE04EC0-301F-11D3-BF4B-00C04F79EFBC}") = "Unity.RenderPipelines.Core.Runtime", "Unity.RenderPipelines.Core.Runtime.csproj", "{F4093C43-C646-AB33-7C69-681653842462}"
EndProject
Project("{FAE04EC0-301F-11D3-BF4B-00C04F79EFBC}") = "Unity.Mathematics", "Unity.Mathematics.csproj", "{55E40047-9C61-A975-F311-F82D814FC2E2}"
EndProject
Project("{FAE04EC0-301F-11D3-BF4B-00C04F79EFBC}") = "Unity.Timeline.Editor", "Unity.Timeline.Editor.csproj", "{C2AFE553-D46B-E603-9A85-0469EF535D0B}"
EndProject
Project("{FAE04EC0-301F-11D3-BF4B-00C04F79EFBC}") = "Unity.Multiplayer.Center.Editor", "Unity.Multiplayer.Center.Editor.csproj", "{C9363EEE-0EF7-013A-50F3-AA47E8C3A8A6}"
EndProject
Project("{FAE04EC0-301F-11D3-BF4B-00C04F79EFBC}") = "Unity.RenderPipelines.Core.Editor", "Unity.RenderPipelines.Core.Editor.csproj", "{C3C389BA-2EE1-7416-7F5A-4207722A5028}"
EndProject
Project("{FAE04EC0-301F-11D3-BF4B-00C04F79EFBC}") = "Unity.2D.Psdimporter.Editor", "Unity.2D.Psdimporter.Editor.csproj", "{C73216E5-927B-99FA-ADEA-216217096850}"
EndProject
Project("{FAE04EC0-301F-11D3-BF4B-00C04F79EFBC}") = "UnityEngine.UI", "UnityEngine.UI.csproj", "{A308279F-59E5-3AE9-C7A4-3D753AC3D308}"
EndProject
Project("{FAE04EC0-301F-11D3-BF4B-00C04F79EFBC}") = "Unity.2D.IK.Runtime", "Unity.2D.IK.Runtime.csproj", "{D86E2DA1-4302-960B-AF5C-5F3B2D9F2723}"
EndProject
Project("{FAE04EC0-301F-11D3-BF4B-00C04F79EFBC}") = "Unity.RenderPipelines.Universal.2D.Runtime", "Unity.RenderPipelines.Universal.2D.Runtime.csproj", "{E36E6334-E3F3-7154-9947-CF9AD3F16393}"
EndProject
Project("{FAE04EC0-301F-11D3-BF4B-00C04F79EFBC}") = "Unity.Collections", "Unity.Collections.csproj", "{D342AA73-4498-1C50-3F10-35D29034AC89}"
EndProject
Project("{FAE04EC0-301F-11D3-BF4B-00C04F79EFBC}") = "Unity.VisualScripting.Core.Editor", "Unity.VisualScripting.Core.Editor.csproj", "{C252A8A2-DE38-4DB7-A95B-A918BE3F7850}"
EndProject
Project("{FAE04EC0-301F-11D3-BF4B-00C04F79EFBC}") = "Unity.RenderPipelines.Universal.Editor", "Unity.RenderPipelines.Universal.Editor.csproj", "{A54E6EF9-F3C7-4D79-6BDB-1C4046EE6E55}"
EndProject
Project("{FAE04EC0-301F-11D3-BF4B-00C04F79EFBC}") = "Unity.PerformanceTesting.Editor", "Unity.PerformanceTesting.Editor.csproj", "{3ADB50F3-6B99-42BC-2F19-C8247CE65778}"
EndProject
Project("{FAE04EC0-301F-11D3-BF4B-00C04F79EFBC}") = "UnityEngine.TestRunner", "UnityEngine.TestRunner.csproj", "{ECA2E97D-C32B-E840-EB4B-B39637D1C9F6}"
EndProject
Project("{FAE04EC0-301F-11D3-BF4B-00C04F79EFBC}") = "Unity.2D.Tilemap.Editor", "Unity.2D.Tilemap.Editor.csproj", "{5826ECD0-9120-E726-8E35-335A7EFBE799}"
EndProject
Project("{FAE04EC0-301F-11D3-BF4B-00C04F79EFBC}") = "Unity.Burst", "Unity.Burst.csproj", "{801DB300-6924-20D5-C110-7FEDF6EDA931}"
EndProject
Project("{FAE04EC0-301F-11D3-BF4B-00C04F79EFBC}") = "Unity.VisualScripting.Flow.Editor", "Unity.VisualScripting.Flow.Editor.csproj", "{835EB188-AB10-BBEB-000F-4047EC270F91}"
EndProject
Project("{FAE04EC0-301F-11D3-BF4B-00C04F79EFBC}") = "Unity.2D.SpriteShape.Editor", "Unity.2D.SpriteShape.Editor.csproj", "{04697803-82B4-2D78-496E-53AF014E493C}"
EndProject
Project("{FAE04EC0-301F-11D3-BF4B-00C04F79EFBC}") = "Unity.VisualStudio.Editor", "Unity.VisualStudio.Editor.csproj", "{879D48E8-C7BD-A1F7-2D7F-549EDE14CD49}"
EndProject
Project("{FAE04EC0-301F-11D3-BF4B-00C04F79EFBC}") = "Unity.InputSystem", "Unity.InputSystem.csproj", "{B643AA0C-79B1-303C-F204-CB15A09BB2DE}"
EndProject
Project("{FAE04EC0-301F-11D3-BF4B-00C04F79EFBC}") = "PPv2URPConverters", "PPv2URPConverters.csproj", "{232ED7C5-3E36-9241-0E04-5DDD5B1B5650}"
EndProject
Project("{FAE04EC0-301F-11D3-BF4B-00C04F79EFBC}") = "Unity.2D.Animation.Editor", "Unity.2D.Animation.Editor.csproj", "{C01E8716-4BFF-9074-B86A-B0FC84855EE5}"
EndProject
Project("{FAE04EC0-301F-11D3-BF4B-00C04F79EFBC}") = "Unity.Searcher.Editor", "Unity.Searcher.Editor.csproj", "{FCB89629-D623-A2C8-4DE3-2995D5C19566}"
EndProject
Project("{FAE04EC0-301F-11D3-BF4B-00C04F79EFBC}") = "Unity.2D.SpriteShape.Runtime", "Unity.2D.SpriteShape.Runtime.csproj", "{A7915735-EC5A-2174-9D6C-7E6D5177757E}"
EndProject
Project("{FAE04EC0-301F-11D3-BF4B-00C04F79EFBC}") = "UnityEditor.TestRunner", "UnityEditor.TestRunner.csproj", "{BF49AF95-C065-48C9-07A3-DB7B863D4443}"
EndProject
Project("{FAE04EC0-301F-11D3-BF4B-00C04F79EFBC}") = "Unity.VisualScripting.Core", "Unity.VisualScripting.Core.csproj", "{4B926B61-340C-715C-8E32-298BE0430B90}"
EndProject
Project("{FAE04EC0-301F-11D3-BF4B-00C04F79EFBC}") = "Unity.RenderPipelines.Universal.Runtime", "Unity.RenderPipelines.Universal.Runtime.csproj", "{C46FF104-063E-67D1-B898-E5EEF2E16595}"
EndProject
Project("{FAE04EC0-301F-11D3-BF4B-00C04F79EFBC}") = "Unity.UnifiedRayTracing.Runtime", "Unity.UnifiedRayTracing.Runtime.csproj", "{0849A376-4D91-B317-85E3-6F4E8D28BA30}"
EndProject
Project("{FAE04EC0-301F-11D3-BF4B-00C04F79EFBC}") = "Unity.VisualScripting.State.Editor", "Unity.VisualScripting.State.Editor.csproj", "{76618F05-9D50-1740-1D2C-8668BDF60293}"
EndProject
Project("{FAE04EC0-301F-11D3-BF4B-00C04F79EFBC}") = "Unity.Burst.CodeGen", "Unity.Burst.CodeGen.csproj", "{75C17496-74FB-D688-D7FF-C79ABB2BD8A4}"
EndProject
Project("{FAE04EC0-301F-11D3-BF4B-00C04F79EFBC}") = "Unity.VisualScripting.Flow", "Unity.VisualScripting.Flow.csproj", "{E188E8B9-FC7A-4A98-D4D0-DB216F3557C9}"
EndProject
Project("{FAE04EC0-301F-11D3-BF4B-00C04F79EFBC}") = "Unity.PerformanceTesting", "Unity.PerformanceTesting.csproj", "{34AEDDD4-3210-0F13-916A-092EDF9F451D}"
EndProject
Project("{FAE04EC0-301F-11D3-BF4B-00C04F79EFBC}") = "Unity.2D.Tilemap.Extras.Editor", "Unity.2D.Tilemap.Extras.Editor.csproj", "{DC937F61-C379-DB20-99C1-425E4BDED7C2}"
EndProject
Project("{FAE04EC0-301F-11D3-BF4B-00C04F79EFBC}") = "Unity.TextMeshPro", "Unity.TextMeshPro.csproj", "{C8A15244-4547-A45A-01C2-761566DE10DF}"
EndProject
Project("{FAE04EC0-301F-11D3-BF4B-00C04F79EFBC}") = "Unity.TextMeshPro.Editor", "Unity.TextMeshPro.Editor.csproj", "{F1C77469-B23E-48AF-15A1-FD20FE2E42F9}"
EndProject
Project("{FAE04EC0-301F-11D3-BF4B-00C04F79EFBC}") = "PsdPlugin", "PsdPlugin.csproj", "{46D0D3A3-8F1F-AA3F-BAD5-CB0F8E4D265E}"
EndProject
Project("{FAE04EC0-301F-11D3-BF4B-00C04F79EFBC}") = "Unity.2D.IK.Editor", "Unity.2D.IK.Editor.csproj", "{B4F08888-5BC3-B259-B3EB-62B87913876C}"
EndProject
Project("{FAE04EC0-301F-11D3-BF4B-00C04F79EFBC}") = "Unity.InternalAPIEngineBridge.001", "Unity.InternalAPIEngineBridge.001.csproj", "{1A876DE1-703E-D51A-A318-E1D73DCCA827}"
EndProject
Project("{FAE04EC0-301F-11D3-BF4B-00C04F79EFBC}") = "Unity.Burst.Editor", "Unity.Burst.Editor.csproj", "{061DDFEB-6614-07DD-E51D-2F99050AF9AC}"
EndProject
Project("{FAE04EC0-301F-11D3-BF4B-00C04F79EFBC}") = "Unity.2D.Common.Path.Editor", "Unity.2D.Common.Path.Editor.csproj", "{28951C09-BE64-0370-CE41-9E281E26C1A4}"
EndProject
Project("{FAE04EC0-301F-11D3-BF4B-00C04F79EFBC}") = "Unity.2D.Common.Editor", "Unity.2D.Common.Editor.csproj", "{740C35F7-FB9E-3473-ED34-C3C0C2ED3679}"
EndProject
Project("{FAE04EC0-301F-11D3-BF4B-00C04F79EFBC}") = "ScriptablePacker", "ScriptablePacker.csproj", "{1A77A768-44AD-F4B9-E41D-272A24C03102}"
EndProject
Project("{FAE04EC0-301F-11D3-BF4B-00C04F79EFBC}") = "Unity.Rider.Editor", "Unity.Rider.Editor.csproj", "{4153C9EF-6CF2-6EEC-AB05-E7CE994F3EAF}"
EndProject
Project("{FAE04EC0-301F-11D3-BF4B-00C04F79EFBC}") = "Unity.2D.Tooling.Editor", "Unity.2D.Tooling.Editor.csproj", "{C5A1B205-EA85-3B59-FA66-7F15CEB355C0}"
EndProject
Project("{FAE04EC0-301F-11D3-BF4B-00C04F79EFBC}") = "Unity.VisualScripting.State", "Unity.VisualScripting.State.csproj", "{FE1BFC8C-70EF-BAE9-D4CF-FC49DAE4D9E0}"
EndProject
Project("{FAE04EC0-301F-11D3-BF4B-00C04F79EFBC}") = "Unity.InternalAPIEditorBridge.001", "Unity.InternalAPIEditorBridge.001.csproj", "{9C6BDBBE-2388-80B0-DE25-BAA12A15ACBC}"
EndProject
Project("{FAE04EC0-301F-11D3-BF4B-00C04F79EFBC}") = "UnityEditor.UI", "UnityEditor.UI.csproj", "{8C94EED0-C663-0BA1-4A00-C0590A209CED}"
EndProject
Project("{FAE04EC0-301F-11D3-BF4B-00C04F79EFBC}") = "Unity.RenderPipelines.Universal.2D.Editor.Overrides", "Unity.RenderPipelines.Universal.2D.Editor.Overrides.csproj", "{2443D1B0-0650-07B8-D91B-B1FFE7B80916}"
EndProject
Project("{FAE04EC0-301F-11D3-BF4B-00C04F79EFBC}") = "Unity.2D.Sprite.Editor", "Unity.2D.Sprite.Editor.csproj", "{D76ADDAB-2EE9-D563-8A26-02BFAB67D564}"
EndProject
Project("{FAE04EC0-301F-11D3-BF4B-00C04F79EFBC}") = "Unity.2D.PixelPerfect.Editor", "Unity.2D.PixelPerfect.Editor.csproj", "{91E98495-29E0-CE58-6FFE-51990A5DD841}"
EndProject
Project("{FAE04EC0-301F-11D3-BF4B-00C04F79EFBC}") = "Unity.Multiplayer.Center.Common", "Unity.Multiplayer.Center.Common.csproj", "{8D43810B-918C-53CB-AA32-9A7C62A3FC19}"
EndProject
Project("{FAE04EC0-301F-11D3-BF4B-00C04F79EFBC}") = "Unity.InputSystem.ForUI", "Unity.InputSystem.ForUI.csproj", "{55C414F4-A31D-5232-DA1F-406FE28587DB}"
EndProject
Project("{FAE04EC0-301F-11D3-BF4B-00C04F79EFBC}") = "Unity.Collections.CodeGen", "Unity.Collections.CodeGen.csproj", "{6ECA8896-1631-1416-3954-C7619FE0C3B9}"
EndProject
Project("{FAE04EC0-301F-11D3-BF4B-00C04F79EFBC}") = "Unity.2D.Tilemap.Extras", "Unity.2D.Tilemap.Extras.csproj", "{81765778-735A-D38C-F49D-1FF05B342767}"
EndProject
Project("{FAE04EC0-301F-11D3-BF4B-00C04F79EFBC}") = "Unity.2D.Animation.Runtime", "Unity.2D.Animation.Runtime.csproj", "{0623C0F4-4A29-84D8-727F-E2996805CF70}"
EndProject
Project("{FAE04EC0-301F-11D3-BF4B-00C04F79EFBC}") = "Unity.Mathematics.Editor", "Unity.Mathematics.Editor.csproj", "{1744A9C9-7FDB-3F60-B0C0-FA1D2DDD7133}"
EndProject
Project("{FAE04EC0-301F-11D3-BF4B-00C04F79EFBC}") = "Unity.VisualScripting.SettingsProvider.Editor", "Unity.VisualScripting.SettingsProvider.Editor.csproj", "{CD4E6924-5AB0-9283-25A4-FFB609DBA986}"
EndProject
Project("{FAE04EC0-301F-11D3-BF4B-00C04F79EFBC}") = "UnityEditor.UI.Analytics", "UnityEditor.UI.Analytics.csproj", "{73420C1D-B813-057B-939F-78A160E126FA}"
EndProject
Project("{FAE04EC0-301F-11D3-BF4B-00C04F79EFBC}") = "Assembly-CSharp", "Assembly-CSharp.csproj", "{A6D5A84F-12E7-BEAA-E862-83B7A25EA68F}"
EndProject
Project("{FAE04EC0-301F-11D3-BF4B-00C04F79EFBC}") = "Unity.2D.Common.Runtime", "Unity.2D.Common.Runtime.csproj", "{7C62EE07-E2BD-A6E3-A6CA-7FA69EFB36FB}"
EndProject
Project("{FAE04EC0-301F-11D3-BF4B-00C04F79EFBC}") = "Unity.InputSystem.TestFramework", "Unity.InputSystem.TestFramework.csproj", "{BAA7D734-A25C-4614-2DE7-C42D60CE1C41}"
EndProject
Project("{FAE04EC0-301F-11D3-BF4B-00C04F79EFBC}") = "Unity.ShaderGraph.Utilities", "Unity.ShaderGraph.Utilities.csproj", "{F6F5C8C8-3367-7BFF-C107-7D20FED5FF1A}"
EndProject
Project("{FAE04EC0-301F-11D3-BF4B-00C04F79EFBC}") = "Unity.VisualScripting.Shared.Editor", "Unity.VisualScripting.Shared.Editor.csproj", "{E3BA5DA5-E76B-3BA9-43B4-C7692C9C716A}"
EndProject
Project("{FAE04EC0-301F-11D3-BF4B-00C04F79EFBC}") = "Unity.2D.Aseprite.Common", "Unity.2D.Aseprite.Common.csproj", "{3290C021-B1AA-162D-6920-B561DAFF3AA8}"
EndProject
Project("{FAE04EC0-301F-11D3-BF4B-00C04F79EFBC}") = "Unity.CollabProxy.Editor", "Unity.CollabProxy.Editor.csproj", "{D7235AC0-F439-E7A5-85F7-2B78D72CC131}"
EndProject
Project("{FAE04EC0-301F-11D3-BF4B-00C04F79EFBC}") = "Unity.RenderPipeline.Universal.ShaderLibrary", "Unity.RenderPipeline.Universal.ShaderLibrary.csproj", "{093C0943-3599-6264-55E3-0F0A82E7FE08}"
EndProject
Project("{FAE04EC0-301F-11D3-BF4B-00C04F79EFBC}") = "Unity.2D.PixelPerfect", "Unity.2D.PixelPerfect.csproj", "{040D2993-12E5-AACF-2E41-CE024A05241B}"
EndProject
Project("{FAE04EC0-301F-11D3-BF4B-00C04F79EFBC}") = "Unity.InputSystem.DocCodeSamples", "Unity.InputSystem.DocCodeSamples.csproj", "{70A482C5-8A9B-586C-946D-5DE19595474A}"
EndProject
Project("{FAE04EC0-301F-11D3-BF4B-00C04F79EFBC}") = "Unity.RenderPipelines.Universal.Shaders", "Unity.RenderPipelines.Universal.Shaders.csproj", "{364CF4F2-A401-CC78-B0C6-8D0898926A38}"
EndProject
Project("{FAE04EC0-301F-11D3-BF4B-00C04F79EFBC}") = "Unity.RenderPipelines.Core.Runtime.Shared", "Unity.RenderPipelines.Core.Runtime.Shared.csproj", "{E947708C-A6E8-5F94-7725-50ECA4DCEDF7}"
EndProject
Project("{FAE04EC0-301F-11D3-BF4B-00C04F79EFBC}") = "Unity.InternalAPIEngineBridge.004", "Unity.InternalAPIEngineBridge.004.csproj", "{90970DF4-B6BD-B8AE-5009-E414FF6F7566}"
EndProject
Project("{FAE04EC0-301F-11D3-BF4B-00C04F79EFBC}") = "Unity.RenderPipelines.Core.Editor.Shared", "Unity.RenderPipelines.Core.Editor.Shared.csproj", "{B415917B-0AC9-BDE5-5708-86A3C3AB2787}"
EndProject
Project("{FAE04EC0-301F-11D3-BF4B-00C04F79EFBC}") = "Unity.VisualScripting.DocCodeExamples", "Unity.VisualScripting.DocCodeExamples.csproj", "{A2A6ED1A-0AFB-96C4-9E71-F169AE4853AF}"
EndProject
Project("{FAE04EC0-301F-11D3-BF4B-00C04F79EFBC}") = "Unity.PlasticSCM.Editor.Entities", "Unity.PlasticSCM.Editor.Entities.csproj", "{DC7FC515-5122-9AD9-4B92-AA82732985E4}"
EndProject
Project("{FAE04EC0-301F-11D3-BF4B-00C04F79EFBC}") = "Unity.Rendering.LightTransport.Editor", "Unity.Rendering.LightTransport.Editor.csproj", "{63E6962E-A584-3708-3579-B2A22A2B706E}"
EndProject
Project("{FAE04EC0-301F-11D3-BF4B-00C04F79EFBC}") = "Unity.Collections.Editor", "Unity.Collections.Editor.csproj", "{60904AA0-0F0B-1DC3-6F50-3A8B1723CA70}"
EndProject
Project("{FAE04EC0-301F-11D3-BF4B-00C04F79EFBC}") = "Unity.RenderPipelines.Universal.Config.Runtime", "Unity.RenderPipelines.Universal.Config.Runtime.csproj", "{82AEB126-46CD-BF78-B1A9-DB424E682BA7}"
EndProject
Project("{FAE04EC0-301F-11D3-BF4B-00C04F79EFBC}") = "Unity.RenderPipelines.ShaderGraph.ShaderGraphLibrary", "Unity.RenderPipelines.ShaderGraph.ShaderGraphLibrary.csproj", "{07FEEC2B-F4D2-C6A1-6C8C-1917412BAB2F}"
EndProject
Project("{FAE04EC0-301F-11D3-BF4B-00C04F79EFBC}") = "Unity.RenderPipelines.Core.ShaderLibrary", "Unity.RenderPipelines.Core.ShaderLibrary.csproj", "{1D71F039-013C-7453-C36B-3CB51AF17106}"
EndProject
Project("{FAE04EC0-301F-11D3-BF4B-00C04F79EFBC}") = "Unity.Timeline", "Unity.Timeline.Player.csproj", "{6ACC2D51-33FE-2BE1-261F-192D8403B2A9}"
EndProject
Project("{FAE04EC0-301F-11D3-BF4B-00C04F79EFBC}") = "Unity.RenderPipelines.GPUDriven.Runtime", "Unity.RenderPipelines.GPUDriven.Runtime.Player.csproj", "{678359AE-FB56-6800-95BB-1A0C2C2EA345}"
EndProject
Project("{FAE04EC0-301F-11D3-BF4B-00C04F79EFBC}") = "Unity.RenderPipelines.Core.Runtime", "Unity.RenderPipelines.Core.Runtime.Player.csproj", "{7988D114-6CDA-851A-B8E4-5062722FBF11}"
EndProject
Project("{FAE04EC0-301F-11D3-BF4B-00C04F79EFBC}") = "Unity.Mathematics", "Unity.Mathematics.Player.csproj", "{AE9AF4F9-E34E-AC5D-C259-B445402D0A51}"
EndProject
Project("{FAE04EC0-301F-11D3-BF4B-00C04F79EFBC}") = "UnityEngine.UI", "UnityEngine.UI.Player.csproj", "{C3206CAB-EF3B-60DA-53B1-CDFCEC2406E1}"
EndProject
Project("{FAE04EC0-301F-11D3-BF4B-00C04F79EFBC}") = "Unity.2D.IK.Runtime", "Unity.2D.IK.Runtime.Player.csproj", "{2DAFC400-5CC2-6FAA-82C6-DF838ED14508}"
EndProject
Project("{FAE04EC0-301F-11D3-BF4B-00C04F79EFBC}") = "Unity.RenderPipelines.Universal.2D.Runtime", "Unity.RenderPipelines.Universal.2D.Runtime.Player.csproj", "{43B47071-1AAE-AF20-349E-E858EF78CFA4}"
EndProject
Project("{FAE04EC0-301F-11D3-BF4B-00C04F79EFBC}") = "Unity.Collections", "Unity.Collections.Player.csproj", "{EE1FA58E-E3BD-8F4C-DD47-5B0E0FC2DBB1}"
EndProject
Project("{FAE04EC0-301F-11D3-BF4B-00C04F79EFBC}") = "UnityEngine.TestRunner", "UnityEngine.TestRunner.Player.csproj", "{7B39DBBA-99C5-1342-7D3E-8CB06328D264}"
EndProject
Project("{FAE04EC0-301F-11D3-BF4B-00C04F79EFBC}") = "Unity.Burst", "Unity.Burst.Player.csproj", "{14C0C4DE-58B9-B2CC-6659-8050ECD0A905}"
EndProject
Project("{FAE04EC0-301F-11D3-BF4B-00C04F79EFBC}") = "Unity.InputSystem", "Unity.InputSystem.Player.csproj", "{8A5BB35B-528D-CAD4-0299-E092B4C8504E}"
EndProject
Project("{FAE04EC0-301F-11D3-BF4B-00C04F79EFBC}") = "Unity.2D.SpriteShape.Runtime", "Unity.2D.SpriteShape.Runtime.Player.csproj", "{BFB517C0-F626-A45F-850B-F108947189CB}"
EndProject
Project("{FAE04EC0-301F-11D3-BF4B-00C04F79EFBC}") = "Unity.VisualScripting.Core", "Unity.VisualScripting.Core.Player.csproj", "{3F87B3FE-E7F4-F995-CF03-5821D4C79A16}"
EndProject
Project("{FAE04EC0-301F-11D3-BF4B-00C04F79EFBC}") = "Unity.RenderPipelines.Universal.Runtime", "Unity.RenderPipelines.Universal.Runtime.Player.csproj", "{48403418-08D3-8DFC-825F-EE5C7573277E}"
EndProject
Project("{FAE04EC0-301F-11D3-BF4B-00C04F79EFBC}") = "Unity.UnifiedRayTracing.Runtime", "Unity.UnifiedRayTracing.Runtime.Player.csproj", "{7C9870BF-32AE-4FD5-EEAA-7751DD0818F5}"
EndProject
Project("{FAE04EC0-301F-11D3-BF4B-00C04F79EFBC}") = "Unity.VisualScripting.Flow", "Unity.VisualScripting.Flow.Player.csproj", "{7B8B2FF6-99FA-77FA-7A6A-302148B5F6EA}"
EndProject
Project("{FAE04EC0-301F-11D3-BF4B-00C04F79EFBC}") = "Unity.PerformanceTesting", "Unity.PerformanceTesting.Player.csproj", "{C0AE6FDE-396F-FCF8-52B8-963CB8D9FD5D}"
EndProject
Project("{FAE04EC0-301F-11D3-BF4B-00C04F79EFBC}") = "Unity.TextMeshPro", "Unity.TextMeshPro.Player.csproj", "{F8824444-14F5-53CC-523C-0F58C4E273DB}"
EndProject
Project("{FAE04EC0-301F-11D3-BF4B-00C04F79EFBC}") = "Unity.InternalAPIEngineBridge.001", "Unity.InternalAPIEngineBridge.001.Player.csproj", "{ECC929C6-4FEF-ACFE-DC56-96A738203BEF}"
EndProject
Project("{FAE04EC0-301F-11D3-BF4B-00C04F79EFBC}") = "Unity.VisualScripting.State", "Unity.VisualScripting.State.Player.csproj", "{35F4CB54-75ED-B0DF-B232-6806CC433841}"
EndProject
Project("{FAE04EC0-301F-11D3-BF4B-00C04F79EFBC}") = "Unity.Multiplayer.Center.Common", "Unity.Multiplayer.Center.Common.Player.csproj", "{5D07A2B7-BA67-13AE-57C2-C30ECA7E0C60}"
EndProject
Project("{FAE04EC0-301F-11D3-BF4B-00C04F79EFBC}") = "Unity.InputSystem.ForUI", "Unity.InputSystem.ForUI.Player.csproj", "{A7CF663F-FA3C-32E6-F4A0-385D606032FF}"
EndProject
Project("{FAE04EC0-301F-11D3-BF4B-00C04F79EFBC}") = "Unity.2D.Tilemap.Extras", "Unity.2D.Tilemap.Extras.Player.csproj", "{8B852040-A57A-01E6-F10E-009C2D9F50DE}"
EndProject
Project("{FAE04EC0-301F-11D3-BF4B-00C04F79EFBC}") = "Unity.2D.Animation.Runtime", "Unity.2D.Animation.Runtime.Player.csproj", "{FFB474AF-E54C-1416-CD0C-2EAA2ABF5341}"
EndProject
Project("{FAE04EC0-301F-11D3-BF4B-00C04F79EFBC}") = "Assembly-CSharp", "Assembly-CSharp.Player.csproj", "{839822D6-5B16-55DC-E3E0-77747F379F1E}"
EndProject
Project("{FAE04EC0-301F-11D3-BF4B-00C04F79EFBC}") = "Unity.2D.Common.Runtime", "Unity.2D.Common.Runtime.Player.csproj", "{BB4180C2-C68A-AE00-AB8F-81B34B22850A}"
EndProject
Project("{FAE04EC0-301F-11D3-BF4B-00C04F79EFBC}") = "Unity.InputSystem.TestFramework", "Unity.InputSystem.TestFramework.Player.csproj", "{2A94AC6E-E465-D07A-4242-DABC2CB4A3D2}"
EndProject
Project("{FAE04EC0-301F-11D3-BF4B-00C04F79EFBC}") = "Unity.RenderPipeline.Universal.ShaderLibrary", "Unity.RenderPipeline.Universal.ShaderLibrary.Player.csproj", "{A22F476A-8791-90A3-FE93-BD90836C93A1}"
EndProject
Project("{FAE04EC0-301F-11D3-BF4B-00C04F79EFBC}") = "Unity.2D.PixelPerfect", "Unity.2D.PixelPerfect.Player.csproj", "{280084FB-442D-A2FD-9D43-6602BC935DAD}"
EndProject
Project("{FAE04EC0-301F-11D3-BF4B-00C04F79EFBC}") = "Unity.RenderPipelines.Universal.Shaders", "Unity.RenderPipelines.Universal.Shaders.Player.csproj", "{8169937D-CE6B-995A-03CE-79440CE45EAD}"
EndProject
Project("{FAE04EC0-301F-11D3-BF4B-00C04F79EFBC}") = "Unity.RenderPipelines.Core.Runtime.Shared", "Unity.RenderPipelines.Core.Runtime.Shared.Player.csproj", "{C8413997-0096-4A8D-A6A2-BAD0995F5921}"
EndProject
Project("{FAE04EC0-301F-11D3-BF4B-00C04F79EFBC}") = "Unity.InternalAPIEngineBridge.004", "Unity.InternalAPIEngineBridge.004.Player.csproj", "{E1FD5420-E2EE-A1AC-C320-903E4E27C89C}"
EndProject
Project("{FAE04EC0-301F-11D3-BF4B-00C04F79EFBC}") = "Unity.VisualScripting.DocCodeExamples", "Unity.VisualScripting.DocCodeExamples.Player.csproj", "{5C49426A-89AB-583C-8F85-0BCB3ACE0844}"
EndProject
Project("{FAE04EC0-301F-11D3-BF4B-00C04F79EFBC}") = "Unity.RenderPipelines.Universal.Config.Runtime", "Unity.RenderPipelines.Universal.Config.Runtime.Player.csproj", "{3F98B091-370E-824D-13D3-C10A9B7D95B4}"
EndProject
Project("{FAE04EC0-301F-11D3-BF4B-00C04F79EFBC}") = "Unity.RenderPipelines.ShaderGraph.ShaderGraphLibrary", "Unity.RenderPipelines.ShaderGraph.ShaderGraphLibrary.Player.csproj", "{23EA97B4-F3B4-D0EE-EBA5-EAEDD0D156A2}"
EndProject
Project("{FAE04EC0-301F-11D3-BF4B-00C04F79EFBC}") = "Unity.RenderPipelines.Core.ShaderLibrary", "Unity.RenderPipelines.Core.ShaderLibrary.Player.csproj", "{4EC8E7CD-9EB9-3EE0-4CED-FD04C5296146}"
EndProject
Global
	GlobalSection(SolutionConfigurationPlatforms) = preSolution
		Debug|Any CPU = Debug|Any CPU
		Release|Any CPU = Release|Any CPU
	EndGlobalSection
	GlobalSection(ProjectConfigurationPlatforms) = postSolution
		{510CF57A-2EA6-0BF1-A97E-BC81ECF8BD65}.Debug|Any CPU.ActiveCfg = Debug|Any CPU
		{510CF57A-2EA6-0BF1-A97E-BC81ECF8BD65}.Debug|Any CPU.Build.0 = Debug|Any CPU
		{510CF57A-2EA6-0BF1-A97E-BC81ECF8BD65}.Release|Any CPU.ActiveCfg = Release|Any CPU
		{510CF57A-2EA6-0BF1-A97E-BC81ECF8BD65}.Release|Any CPU.Build.0 = Release|Any CPU
		{A576616F-8711-305B-2132-717BBA1144C1}.Debug|Any CPU.ActiveCfg = Debug|Any CPU
		{A576616F-8711-305B-2132-717BBA1144C1}.Debug|Any CPU.Build.0 = Debug|Any CPU
		{A576616F-8711-305B-2132-717BBA1144C1}.Release|Any CPU.ActiveCfg = Release|Any CPU
		{A576616F-8711-305B-2132-717BBA1144C1}.Release|Any CPU.Build.0 = Release|Any CPU
		{CA0CD6F7-70D6-A857-39CD-FE7B433E9D61}.Debug|Any CPU.ActiveCfg = Debug|Any CPU
		{CA0CD6F7-70D6-A857-39CD-FE7B433E9D61}.Debug|Any CPU.Build.0 = Debug|Any CPU
		{CA0CD6F7-70D6-A857-39CD-FE7B433E9D61}.Release|Any CPU.ActiveCfg = Release|Any CPU
		{CA0CD6F7-70D6-A857-39CD-FE7B433E9D61}.Release|Any CPU.Build.0 = Release|Any CPU
		{C164F28D-F5E4-C5F3-A9B8-BD56C490174A}.Debug|Any CPU.ActiveCfg = Debug|Any CPU
		{C164F28D-F5E4-C5F3-A9B8-BD56C490174A}.Debug|Any CPU.Build.0 = Debug|Any CPU
		{C164F28D-F5E4-C5F3-A9B8-BD56C490174A}.Release|Any CPU.ActiveCfg = Release|Any CPU
		{C164F28D-F5E4-C5F3-A9B8-BD56C490174A}.Release|Any CPU.Build.0 = Release|Any CPU
		{3C255E19-A268-6BC1-933C-5D087D1F1169}.Debug|Any CPU.ActiveCfg = Debug|Any CPU
		{3C255E19-A268-6BC1-933C-5D087D1F1169}.Debug|Any CPU.Build.0 = Debug|Any CPU
		{3C255E19-A268-6BC1-933C-5D087D1F1169}.Release|Any CPU.ActiveCfg = Release|Any CPU
		{3C255E19-A268-6BC1-933C-5D087D1F1169}.Release|Any CPU.Build.0 = Release|Any CPU
		{F4093C43-C646-AB33-7C69-681653842462}.Debug|Any CPU.ActiveCfg = Debug|Any CPU
		{F4093C43-C646-AB33-7C69-681653842462}.Debug|Any CPU.Build.0 = Debug|Any CPU
		{F4093C43-C646-AB33-7C69-681653842462}.Release|Any CPU.ActiveCfg = Release|Any CPU
		{F4093C43-C646-AB33-7C69-681653842462}.Release|Any CPU.Build.0 = Release|Any CPU
		{55E40047-9C61-A975-F311-F82D814FC2E2}.Debug|Any CPU.ActiveCfg = Debug|Any CPU
		{55E40047-9C61-A975-F311-F82D814FC2E2}.Debug|Any CPU.Build.0 = Debug|Any CPU
		{55E40047-9C61-A975-F311-F82D814FC2E2}.Release|Any CPU.ActiveCfg = Release|Any CPU
		{55E40047-9C61-A975-F311-F82D814FC2E2}.Release|Any CPU.Build.0 = Release|Any CPU
		{C2AFE553-D46B-E603-9A85-0469EF535D0B}.Debug|Any CPU.ActiveCfg = Debug|Any CPU
		{C2AFE553-D46B-E603-9A85-0469EF535D0B}.Debug|Any CPU.Build.0 = Debug|Any CPU
		{C2AFE553-D46B-E603-9A85-0469EF535D0B}.Release|Any CPU.ActiveCfg = Release|Any CPU
		{C2AFE553-D46B-E603-9A85-0469EF535D0B}.Release|Any CPU.Build.0 = Release|Any CPU
		{C9363EEE-0EF7-013A-50F3-AA47E8C3A8A6}.Debug|Any CPU.ActiveCfg = Debug|Any CPU
		{C9363EEE-0EF7-013A-50F3-AA47E8C3A8A6}.Debug|Any CPU.Build.0 = Debug|Any CPU
		{C9363EEE-0EF7-013A-50F3-AA47E8C3A8A6}.Release|Any CPU.ActiveCfg = Release|Any CPU
		{C9363EEE-0EF7-013A-50F3-AA47E8C3A8A6}.Release|Any CPU.Build.0 = Release|Any CPU
		{C3C389BA-2EE1-7416-7F5A-4207722A5028}.Debug|Any CPU.ActiveCfg = Debug|Any CPU
		{C3C389BA-2EE1-7416-7F5A-4207722A5028}.Debug|Any CPU.Build.0 = Debug|Any CPU
		{C3C389BA-2EE1-7416-7F5A-4207722A5028}.Release|Any CPU.ActiveCfg = Release|Any CPU
		{C3C389BA-2EE1-7416-7F5A-4207722A5028}.Release|Any CPU.Build.0 = Release|Any CPU
		{C73216E5-927B-99FA-ADEA-216217096850}.Debug|Any CPU.ActiveCfg = Debug|Any CPU
		{C73216E5-927B-99FA-ADEA-216217096850}.Debug|Any CPU.Build.0 = Debug|Any CPU
		{C73216E5-927B-99FA-ADEA-216217096850}.Release|Any CPU.ActiveCfg = Release|Any CPU
		{C73216E5-927B-99FA-ADEA-216217096850}.Release|Any CPU.Build.0 = Release|Any CPU
		{A308279F-59E5-3AE9-C7A4-3D753AC3D308}.Debug|Any CPU.ActiveCfg = Debug|Any CPU
		{A308279F-59E5-3AE9-C7A4-3D753AC3D308}.Debug|Any CPU.Build.0 = Debug|Any CPU
		{A308279F-59E5-3AE9-C7A4-3D753AC3D308}.Release|Any CPU.ActiveCfg = Release|Any CPU
		{A308279F-59E5-3AE9-C7A4-3D753AC3D308}.Release|Any CPU.Build.0 = Release|Any CPU
		{D86E2DA1-4302-960B-AF5C-5F3B2D9F2723}.Debug|Any CPU.ActiveCfg = Debug|Any CPU
		{D86E2DA1-4302-960B-AF5C-5F3B2D9F2723}.Debug|Any CPU.Build.0 = Debug|Any CPU
		{D86E2DA1-4302-960B-AF5C-5F3B2D9F2723}.Release|Any CPU.ActiveCfg = Release|Any CPU
		{D86E2DA1-4302-960B-AF5C-5F3B2D9F2723}.Release|Any CPU.Build.0 = Release|Any CPU
		{E36E6334-E3F3-7154-9947-CF9AD3F16393}.Debug|Any CPU.ActiveCfg = Debug|Any CPU
		{E36E6334-E3F3-7154-9947-CF9AD3F16393}.Debug|Any CPU.Build.0 = Debug|Any CPU
		{E36E6334-E3F3-7154-9947-CF9AD3F16393}.Release|Any CPU.ActiveCfg = Release|Any CPU
		{E36E6334-E3F3-7154-9947-CF9AD3F16393}.Release|Any CPU.Build.0 = Release|Any CPU
		{D342AA73-4498-1C50-3F10-35D29034AC89}.Debug|Any CPU.ActiveCfg = Debug|Any CPU
		{D342AA73-4498-1C50-3F10-35D29034AC89}.Debug|Any CPU.Build.0 = Debug|Any CPU
		{D342AA73-4498-1C50-3F10-35D29034AC89}.Release|Any CPU.ActiveCfg = Release|Any CPU
		{D342AA73-4498-1C50-3F10-35D29034AC89}.Release|Any CPU.Build.0 = Release|Any CPU
		{C252A8A2-DE38-4DB7-A95B-A918BE3F7850}.Debug|Any CPU.ActiveCfg = Debug|Any CPU
		{C252A8A2-DE38-4DB7-A95B-A918BE3F7850}.Debug|Any CPU.Build.0 = Debug|Any CPU
		{C252A8A2-DE38-4DB7-A95B-A918BE3F7850}.Release|Any CPU.ActiveCfg = Release|Any CPU
		{C252A8A2-DE38-4DB7-A95B-A918BE3F7850}.Release|Any CPU.Build.0 = Release|Any CPU
		{A54E6EF9-F3C7-4D79-6BDB-1C4046EE6E55}.Debug|Any CPU.ActiveCfg = Debug|Any CPU
		{A54E6EF9-F3C7-4D79-6BDB-1C4046EE6E55}.Debug|Any CPU.Build.0 = Debug|Any CPU
		{A54E6EF9-F3C7-4D79-6BDB-1C4046EE6E55}.Release|Any CPU.ActiveCfg = Release|Any CPU
		{A54E6EF9-F3C7-4D79-6BDB-1C4046EE6E55}.Release|Any CPU.Build.0 = Release|Any CPU
		{3ADB50F3-6B99-42BC-2F19-C8247CE65778}.Debug|Any CPU.ActiveCfg = Debug|Any CPU
		{3ADB50F3-6B99-42BC-2F19-C8247CE65778}.Debug|Any CPU.Build.0 = Debug|Any CPU
		{3ADB50F3-6B99-42BC-2F19-C8247CE65778}.Release|Any CPU.ActiveCfg = Release|Any CPU
		{3ADB50F3-6B99-42BC-2F19-C8247CE65778}.Release|Any CPU.Build.0 = Release|Any CPU
		{ECA2E97D-C32B-E840-EB4B-B39637D1C9F6}.Debug|Any CPU.ActiveCfg = Debug|Any CPU
		{ECA2E97D-C32B-E840-EB4B-B39637D1C9F6}.Debug|Any CPU.Build.0 = Debug|Any CPU
		{ECA2E97D-C32B-E840-EB4B-B39637D1C9F6}.Release|Any CPU.ActiveCfg = Release|Any CPU
		{ECA2E97D-C32B-E840-EB4B-B39637D1C9F6}.Release|Any CPU.Build.0 = Release|Any CPU
		{5826ECD0-9120-E726-8E35-335A7EFBE799}.Debug|Any CPU.ActiveCfg = Debug|Any CPU
		{5826ECD0-9120-E726-8E35-335A7EFBE799}.Debug|Any CPU.Build.0 = Debug|Any CPU
		{5826ECD0-9120-E726-8E35-335A7EFBE799}.Release|Any CPU.ActiveCfg = Release|Any CPU
		{5826ECD0-9120-E726-8E35-335A7EFBE799}.Release|Any CPU.Build.0 = Release|Any CPU
		{801DB300-6924-20D5-C110-7FEDF6EDA931}.Debug|Any CPU.ActiveCfg = Debug|Any CPU
		{801DB300-6924-20D5-C110-7FEDF6EDA931}.Debug|Any CPU.Build.0 = Debug|Any CPU
		{801DB300-6924-20D5-C110-7FEDF6EDA931}.Release|Any CPU.ActiveCfg = Release|Any CPU
		{801DB300-6924-20D5-C110-7FEDF6EDA931}.Release|Any CPU.Build.0 = Release|Any CPU
		{835EB188-AB10-BBEB-000F-4047EC270F91}.Debug|Any CPU.ActiveCfg = Debug|Any CPU
		{835EB188-AB10-BBEB-000F-4047EC270F91}.Debug|Any CPU.Build.0 = Debug|Any CPU
		{835EB188-AB10-BBEB-000F-4047EC270F91}.Release|Any CPU.ActiveCfg = Release|Any CPU
		{835EB188-AB10-BBEB-000F-4047EC270F91}.Release|Any CPU.Build.0 = Release|Any CPU
		{04697803-82B4-2D78-496E-53AF014E493C}.Debug|Any CPU.ActiveCfg = Debug|Any CPU
		{04697803-82B4-2D78-496E-53AF014E493C}.Debug|Any CPU.Build.0 = Debug|Any CPU
		{04697803-82B4-2D78-496E-53AF014E493C}.Release|Any CPU.ActiveCfg = Release|Any CPU
		{04697803-82B4-2D78-496E-53AF014E493C}.Release|Any CPU.Build.0 = Release|Any CPU
		{879D48E8-C7BD-A1F7-2D7F-549EDE14CD49}.Debug|Any CPU.ActiveCfg = Debug|Any CPU
		{879D48E8-C7BD-A1F7-2D7F-549EDE14CD49}.Debug|Any CPU.Build.0 = Debug|Any CPU
		{879D48E8-C7BD-A1F7-2D7F-549EDE14CD49}.Release|Any CPU.ActiveCfg = Release|Any CPU
		{879D48E8-C7BD-A1F7-2D7F-549EDE14CD49}.Release|Any CPU.Build.0 = Release|Any CPU
		{B643AA0C-79B1-303C-F204-CB15A09BB2DE}.Debug|Any CPU.ActiveCfg = Debug|Any CPU
		{B643AA0C-79B1-303C-F204-CB15A09BB2DE}.Debug|Any CPU.Build.0 = Debug|Any CPU
		{B643AA0C-79B1-303C-F204-CB15A09BB2DE}.Release|Any CPU.ActiveCfg = Release|Any CPU
		{B643AA0C-79B1-303C-F204-CB15A09BB2DE}.Release|Any CPU.Build.0 = Release|Any CPU
		{232ED7C5-3E36-9241-0E04-5DDD5B1B5650}.Debug|Any CPU.ActiveCfg = Debug|Any CPU
		{232ED7C5-3E36-9241-0E04-5DDD5B1B5650}.Debug|Any CPU.Build.0 = Debug|Any CPU
		{232ED7C5-3E36-9241-0E04-5DDD5B1B5650}.Release|Any CPU.ActiveCfg = Release|Any CPU
		{232ED7C5-3E36-9241-0E04-5DDD5B1B5650}.Release|Any CPU.Build.0 = Release|Any CPU
		{C01E8716-4BFF-9074-B86A-B0FC84855EE5}.Debug|Any CPU.ActiveCfg = Debug|Any CPU
		{C01E8716-4BFF-9074-B86A-B0FC84855EE5}.Debug|Any CPU.Build.0 = Debug|Any CPU
		{C01E8716-4BFF-9074-B86A-B0FC84855EE5}.Release|Any CPU.ActiveCfg = Release|Any CPU
		{C01E8716-4BFF-9074-B86A-B0FC84855EE5}.Release|Any CPU.Build.0 = Release|Any CPU
		{FCB89629-D623-A2C8-4DE3-2995D5C19566}.Debug|Any CPU.ActiveCfg = Debug|Any CPU
		{FCB89629-D623-A2C8-4DE3-2995D5C19566}.Debug|Any CPU.Build.0 = Debug|Any CPU
		{FCB89629-D623-A2C8-4DE3-2995D5C19566}.Release|Any CPU.ActiveCfg = Release|Any CPU
		{FCB89629-D623-A2C8-4DE3-2995D5C19566}.Release|Any CPU.Build.0 = Release|Any CPU
		{A7915735-EC5A-2174-9D6C-7E6D5177757E}.Debug|Any CPU.ActiveCfg = Debug|Any CPU
		{A7915735-EC5A-2174-9D6C-7E6D5177757E}.Debug|Any CPU.Build.0 = Debug|Any CPU
		{A7915735-EC5A-2174-9D6C-7E6D5177757E}.Release|Any CPU.ActiveCfg = Release|Any CPU
		{A7915735-EC5A-2174-9D6C-7E6D5177757E}.Release|Any CPU.Build.0 = Release|Any CPU
		{BF49AF95-C065-48C9-07A3-DB7B863D4443}.Debug|Any CPU.ActiveCfg = Debug|Any CPU
		{BF49AF95-C065-48C9-07A3-DB7B863D4443}.Debug|Any CPU.Build.0 = Debug|Any CPU
		{BF49AF95-C065-48C9-07A3-DB7B863D4443}.Release|Any CPU.ActiveCfg = Release|Any CPU
		{BF49AF95-C065-48C9-07A3-DB7B863D4443}.Release|Any CPU.Build.0 = Release|Any CPU
		{4B926B61-340C-715C-8E32-298BE0430B90}.Debug|Any CPU.ActiveCfg = Debug|Any CPU
		{4B926B61-340C-715C-8E32-298BE0430B90}.Debug|Any CPU.Build.0 = Debug|Any CPU
		{4B926B61-340C-715C-8E32-298BE0430B90}.Release|Any CPU.ActiveCfg = Release|Any CPU
		{4B926B61-340C-715C-8E32-298BE0430B90}.Release|Any CPU.Build.0 = Release|Any CPU
		{C46FF104-063E-67D1-B898-E5EEF2E16595}.Debug|Any CPU.ActiveCfg = Debug|Any CPU
		{C46FF104-063E-67D1-B898-E5EEF2E16595}.Debug|Any CPU.Build.0 = Debug|Any CPU
		{C46FF104-063E-67D1-B898-E5EEF2E16595}.Release|Any CPU.ActiveCfg = Release|Any CPU
		{C46FF104-063E-67D1-B898-E5EEF2E16595}.Release|Any CPU.Build.0 = Release|Any CPU
		{0849A376-4D91-B317-85E3-6F4E8D28BA30}.Debug|Any CPU.ActiveCfg = Debug|Any CPU
		{0849A376-4D91-B317-85E3-6F4E8D28BA30}.Debug|Any CPU.Build.0 = Debug|Any CPU
		{0849A376-4D91-B317-85E3-6F4E8D28BA30}.Release|Any CPU.ActiveCfg = Release|Any CPU
		{0849A376-4D91-B317-85E3-6F4E8D28BA30}.Release|Any CPU.Build.0 = Release|Any CPU
		{76618F05-9D50-1740-1D2C-8668BDF60293}.Debug|Any CPU.ActiveCfg = Debug|Any CPU
		{76618F05-9D50-1740-1D2C-8668BDF60293}.Debug|Any CPU.Build.0 = Debug|Any CPU
		{76618F05-9D50-1740-1D2C-8668BDF60293}.Release|Any CPU.ActiveCfg = Release|Any CPU
		{76618F05-9D50-1740-1D2C-8668BDF60293}.Release|Any CPU.Build.0 = Release|Any CPU
		{75C17496-74FB-D688-D7FF-C79ABB2BD8A4}.Debug|Any CPU.ActiveCfg = Debug|Any CPU
		{75C17496-74FB-D688-D7FF-C79ABB2BD8A4}.Debug|Any CPU.Build.0 = Debug|Any CPU
		{75C17496-74FB-D688-D7FF-C79ABB2BD8A4}.Release|Any CPU.ActiveCfg = Release|Any CPU
		{75C17496-74FB-D688-D7FF-C79ABB2BD8A4}.Release|Any CPU.Build.0 = Release|Any CPU
		{E188E8B9-FC7A-4A98-D4D0-DB216F3557C9}.Debug|Any CPU.ActiveCfg = Debug|Any CPU
		{E188E8B9-FC7A-4A98-D4D0-DB216F3557C9}.Debug|Any CPU.Build.0 = Debug|Any CPU
		{E188E8B9-FC7A-4A98-D4D0-DB216F3557C9}.Release|Any CPU.ActiveCfg = Release|Any CPU
		{E188E8B9-FC7A-4A98-D4D0-DB216F3557C9}.Release|Any CPU.Build.0 = Release|Any CPU
		{34AEDDD4-3210-0F13-916A-092EDF9F451D}.Debug|Any CPU.ActiveCfg = Debug|Any CPU
		{34AEDDD4-3210-0F13-916A-092EDF9F451D}.Debug|Any CPU.Build.0 = Debug|Any CPU
		{34AEDDD4-3210-0F13-916A-092EDF9F451D}.Release|Any CPU.ActiveCfg = Release|Any CPU
		{34AEDDD4-3210-0F13-916A-092EDF9F451D}.Release|Any CPU.Build.0 = Release|Any CPU
		{DC937F61-C379-DB20-99C1-425E4BDED7C2}.Debug|Any CPU.ActiveCfg = Debug|Any CPU
		{DC937F61-C379-DB20-99C1-425E4BDED7C2}.Debug|Any CPU.Build.0 = Debug|Any CPU
		{DC937F61-C379-DB20-99C1-425E4BDED7C2}.Release|Any CPU.ActiveCfg = Release|Any CPU
		{DC937F61-C379-DB20-99C1-425E4BDED7C2}.Release|Any CPU.Build.0 = Release|Any CPU
		{C8A15244-4547-A45A-01C2-761566DE10DF}.Debug|Any CPU.ActiveCfg = Debug|Any CPU
		{C8A15244-4547-A45A-01C2-761566DE10DF}.Debug|Any CPU.Build.0 = Debug|Any CPU
		{C8A15244-4547-A45A-01C2-761566DE10DF}.Release|Any CPU.ActiveCfg = Release|Any CPU
		{C8A15244-4547-A45A-01C2-761566DE10DF}.Release|Any CPU.Build.0 = Release|Any CPU
		{F1C77469-B23E-48AF-15A1-FD20FE2E42F9}.Debug|Any CPU.ActiveCfg = Debug|Any CPU
		{F1C77469-B23E-48AF-15A1-FD20FE2E42F9}.Debug|Any CPU.Build.0 = Debug|Any CPU
		{F1C77469-B23E-48AF-15A1-FD20FE2E42F9}.Release|Any CPU.ActiveCfg = Release|Any CPU
		{F1C77469-B23E-48AF-15A1-FD20FE2E42F9}.Release|Any CPU.Build.0 = Release|Any CPU
		{46D0D3A3-8F1F-AA3F-BAD5-CB0F8E4D265E}.Debug|Any CPU.ActiveCfg = Debug|Any CPU
		{46D0D3A3-8F1F-AA3F-BAD5-CB0F8E4D265E}.Debug|Any CPU.Build.0 = Debug|Any CPU
		{46D0D3A3-8F1F-AA3F-BAD5-CB0F8E4D265E}.Release|Any CPU.ActiveCfg = Release|Any CPU
		{46D0D3A3-8F1F-AA3F-BAD5-CB0F8E4D265E}.Release|Any CPU.Build.0 = Release|Any CPU
		{B4F08888-5BC3-B259-B3EB-62B87913876C}.Debug|Any CPU.ActiveCfg = Debug|Any CPU
		{B4F08888-5BC3-B259-B3EB-62B87913876C}.Debug|Any CPU.Build.0 = Debug|Any CPU
		{B4F08888-5BC3-B259-B3EB-62B87913876C}.Release|Any CPU.ActiveCfg = Release|Any CPU
		{B4F08888-5BC3-B259-B3EB-62B87913876C}.Release|Any CPU.Build.0 = Release|Any CPU
		{1A876DE1-703E-D51A-A318-E1D73DCCA827}.Debug|Any CPU.ActiveCfg = Debug|Any CPU
		{1A876DE1-703E-D51A-A318-E1D73DCCA827}.Debug|Any CPU.Build.0 = Debug|Any CPU
		{1A876DE1-703E-D51A-A318-E1D73DCCA827}.Release|Any CPU.ActiveCfg = Release|Any CPU
		{1A876DE1-703E-D51A-A318-E1D73DCCA827}.Release|Any CPU.Build.0 = Release|Any CPU
		{061DDFEB-6614-07DD-E51D-2F99050AF9AC}.Debug|Any CPU.ActiveCfg = Debug|Any CPU
		{061DDFEB-6614-07DD-E51D-2F99050AF9AC}.Debug|Any CPU.Build.0 = Debug|Any CPU
		{061DDFEB-6614-07DD-E51D-2F99050AF9AC}.Release|Any CPU.ActiveCfg = Release|Any CPU
		{061DDFEB-6614-07DD-E51D-2F99050AF9AC}.Release|Any CPU.Build.0 = Release|Any CPU
		{28951C09-BE64-0370-CE41-9E281E26C1A4}.Debug|Any CPU.ActiveCfg = Debug|Any CPU
		{28951C09-BE64-0370-CE41-9E281E26C1A4}.Debug|Any CPU.Build.0 = Debug|Any CPU
		{28951C09-BE64-0370-CE41-9E281E26C1A4}.Release|Any CPU.ActiveCfg = Release|Any CPU
		{28951C09-BE64-0370-CE41-9E281E26C1A4}.Release|Any CPU.Build.0 = Release|Any CPU
		{740C35F7-FB9E-3473-ED34-C3C0C2ED3679}.Debug|Any CPU.ActiveCfg = Debug|Any CPU
		{740C35F7-FB9E-3473-ED34-C3C0C2ED3679}.Debug|Any CPU.Build.0 = Debug|Any CPU
		{740C35F7-FB9E-3473-ED34-C3C0C2ED3679}.Release|Any CPU.ActiveCfg = Release|Any CPU
		{740C35F7-FB9E-3473-ED34-C3C0C2ED3679}.Release|Any CPU.Build.0 = Release|Any CPU
		{1A77A768-44AD-F4B9-E41D-272A24C03102}.Debug|Any CPU.ActiveCfg = Debug|Any CPU
		{1A77A768-44AD-F4B9-E41D-272A24C03102}.Debug|Any CPU.Build.0 = Debug|Any CPU
		{1A77A768-44AD-F4B9-E41D-272A24C03102}.Release|Any CPU.ActiveCfg = Release|Any CPU
		{1A77A768-44AD-F4B9-E41D-272A24C03102}.Release|Any CPU.Build.0 = Release|Any CPU
		{4153C9EF-6CF2-6EEC-AB05-E7CE994F3EAF}.Debug|Any CPU.ActiveCfg = Debug|Any CPU
		{4153C9EF-6CF2-6EEC-AB05-E7CE994F3EAF}.Debug|Any CPU.Build.0 = Debug|Any CPU
		{4153C9EF-6CF2-6EEC-AB05-E7CE994F3EAF}.Release|Any CPU.ActiveCfg = Release|Any CPU
		{4153C9EF-6CF2-6EEC-AB05-E7CE994F3EAF}.Release|Any CPU.Build.0 = Release|Any CPU
		{C5A1B205-EA85-3B59-FA66-7F15CEB355C0}.Debug|Any CPU.ActiveCfg = Debug|Any CPU
		{C5A1B205-EA85-3B59-FA66-7F15CEB355C0}.Debug|Any CPU.Build.0 = Debug|Any CPU
		{C5A1B205-EA85-3B59-FA66-7F15CEB355C0}.Release|Any CPU.ActiveCfg = Release|Any CPU
		{C5A1B205-EA85-3B59-FA66-7F15CEB355C0}.Release|Any CPU.Build.0 = Release|Any CPU
		{FE1BFC8C-70EF-BAE9-D4CF-FC49DAE4D9E0}.Debug|Any CPU.ActiveCfg = Debug|Any CPU
		{FE1BFC8C-70EF-BAE9-D4CF-FC49DAE4D9E0}.Debug|Any CPU.Build.0 = Debug|Any CPU
		{FE1BFC8C-70EF-BAE9-D4CF-FC49DAE4D9E0}.Release|Any CPU.ActiveCfg = Release|Any CPU
		{FE1BFC8C-70EF-BAE9-D4CF-FC49DAE4D9E0}.Release|Any CPU.Build.0 = Release|Any CPU
		{9C6BDBBE-2388-80B0-DE25-BAA12A15ACBC}.Debug|Any CPU.ActiveCfg = Debug|Any CPU
		{9C6BDBBE-2388-80B0-DE25-BAA12A15ACBC}.Debug|Any CPU.Build.0 = Debug|Any CPU
		{9C6BDBBE-2388-80B0-DE25-BAA12A15ACBC}.Release|Any CPU.ActiveCfg = Release|Any CPU
		{9C6BDBBE-2388-80B0-DE25-BAA12A15ACBC}.Release|Any CPU.Build.0 = Release|Any CPU
		{8C94EED0-C663-0BA1-4A00-C0590A209CED}.Debug|Any CPU.ActiveCfg = Debug|Any CPU
		{8C94EED0-C663-0BA1-4A00-C0590A209CED}.Debug|Any CPU.Build.0 = Debug|Any CPU
		{8C94EED0-C663-0BA1-4A00-C0590A209CED}.Release|Any CPU.ActiveCfg = Release|Any CPU
		{8C94EED0-C663-0BA1-4A00-C0590A209CED}.Release|Any CPU.Build.0 = Release|Any CPU
		{2443D1B0-0650-07B8-D91B-B1FFE7B80916}.Debug|Any CPU.ActiveCfg = Debug|Any CPU
		{2443D1B0-0650-07B8-D91B-B1FFE7B80916}.Debug|Any CPU.Build.0 = Debug|Any CPU
		{2443D1B0-0650-07B8-D91B-B1FFE7B80916}.Release|Any CPU.ActiveCfg = Release|Any CPU
		{2443D1B0-0650-07B8-D91B-B1FFE7B80916}.Release|Any CPU.Build.0 = Release|Any CPU
		{D76ADDAB-2EE9-D563-8A26-02BFAB67D564}.Debug|Any CPU.ActiveCfg = Debug|Any CPU
		{D76ADDAB-2EE9-D563-8A26-02BFAB67D564}.Debug|Any CPU.Build.0 = Debug|Any CPU
		{D76ADDAB-2EE9-D563-8A26-02BFAB67D564}.Release|Any CPU.ActiveCfg = Release|Any CPU
		{D76ADDAB-2EE9-D563-8A26-02BFAB67D564}.Release|Any CPU.Build.0 = Release|Any CPU
		{91E98495-29E0-CE58-6FFE-51990A5DD841}.Debug|Any CPU.ActiveCfg = Debug|Any CPU
		{91E98495-29E0-CE58-6FFE-51990A5DD841}.Debug|Any CPU.Build.0 = Debug|Any CPU
		{91E98495-29E0-CE58-6FFE-51990A5DD841}.Release|Any CPU.ActiveCfg = Release|Any CPU
		{91E98495-29E0-CE58-6FFE-51990A5DD841}.Release|Any CPU.Build.0 = Release|Any CPU
		{8D43810B-918C-53CB-AA32-9A7C62A3FC19}.Debug|Any CPU.ActiveCfg = Debug|Any CPU
		{8D43810B-918C-53CB-AA32-9A7C62A3FC19}.Debug|Any CPU.Build.0 = Debug|Any CPU
		{8D43810B-918C-53CB-AA32-9A7C62A3FC19}.Release|Any CPU.ActiveCfg = Release|Any CPU
		{8D43810B-918C-53CB-AA32-9A7C62A3FC19}.Release|Any CPU.Build.0 = Release|Any CPU
		{55C414F4-A31D-5232-DA1F-406FE28587DB}.Debug|Any CPU.ActiveCfg = Debug|Any CPU
		{55C414F4-A31D-5232-DA1F-406FE28587DB}.Debug|Any CPU.Build.0 = Debug|Any CPU
		{55C414F4-A31D-5232-DA1F-406FE28587DB}.Release|Any CPU.ActiveCfg = Release|Any CPU
		{55C414F4-A31D-5232-DA1F-406FE28587DB}.Release|Any CPU.Build.0 = Release|Any CPU
		{6ECA8896-1631-1416-3954-C7619FE0C3B9}.Debug|Any CPU.ActiveCfg = Debug|Any CPU
		{6ECA8896-1631-1416-3954-C7619FE0C3B9}.Debug|Any CPU.Build.0 = Debug|Any CPU
		{6ECA8896-1631-1416-3954-C7619FE0C3B9}.Release|Any CPU.ActiveCfg = Release|Any CPU
		{6ECA8896-1631-1416-3954-C7619FE0C3B9}.Release|Any CPU.Build.0 = Release|Any CPU
		{81765778-735A-D38C-F49D-1FF05B342767}.Debug|Any CPU.ActiveCfg = Debug|Any CPU
		{81765778-735A-D38C-F49D-1FF05B342767}.Debug|Any CPU.Build.0 = Debug|Any CPU
		{81765778-735A-D38C-F49D-1FF05B342767}.Release|Any CPU.ActiveCfg = Release|Any CPU
		{81765778-735A-D38C-F49D-1FF05B342767}.Release|Any CPU.Build.0 = Release|Any CPU
		{0623C0F4-4A29-84D8-727F-E2996805CF70}.Debug|Any CPU.ActiveCfg = Debug|Any CPU
		{0623C0F4-4A29-84D8-727F-E2996805CF70}.Debug|Any CPU.Build.0 = Debug|Any CPU
		{0623C0F4-4A29-84D8-727F-E2996805CF70}.Release|Any CPU.ActiveCfg = Release|Any CPU
		{0623C0F4-4A29-84D8-727F-E2996805CF70}.Release|Any CPU.Build.0 = Release|Any CPU
		{1744A9C9-7FDB-3F60-B0C0-FA1D2DDD7133}.Debug|Any CPU.ActiveCfg = Debug|Any CPU
		{1744A9C9-7FDB-3F60-B0C0-FA1D2DDD7133}.Debug|Any CPU.Build.0 = Debug|Any CPU
		{1744A9C9-7FDB-3F60-B0C0-FA1D2DDD7133}.Release|Any CPU.ActiveCfg = Release|Any CPU
		{1744A9C9-7FDB-3F60-B0C0-FA1D2DDD7133}.Release|Any CPU.Build.0 = Release|Any CPU
		{CD4E6924-5AB0-9283-25A4-FFB609DBA986}.Debug|Any CPU.ActiveCfg = Debug|Any CPU
		{CD4E6924-5AB0-9283-25A4-FFB609DBA986}.Debug|Any CPU.Build.0 = Debug|Any CPU
		{CD4E6924-5AB0-9283-25A4-FFB609DBA986}.Release|Any CPU.ActiveCfg = Release|Any CPU
		{CD4E6924-5AB0-9283-25A4-FFB609DBA986}.Release|Any CPU.Build.0 = Release|Any CPU
		{73420C1D-B813-057B-939F-78A160E126FA}.Debug|Any CPU.ActiveCfg = Debug|Any CPU
		{73420C1D-B813-057B-939F-78A160E126FA}.Debug|Any CPU.Build.0 = Debug|Any CPU
		{73420C1D-B813-057B-939F-78A160E126FA}.Release|Any CPU.ActiveCfg = Release|Any CPU
		{73420C1D-B813-057B-939F-78A160E126FA}.Release|Any CPU.Build.0 = Release|Any CPU
		{A6D5A84F-12E7-BEAA-E862-83B7A25EA68F}.Debug|Any CPU.ActiveCfg = Debug|Any CPU
		{A6D5A84F-12E7-BEAA-E862-83B7A25EA68F}.Debug|Any CPU.Build.0 = Debug|Any CPU
		{A6D5A84F-12E7-BEAA-E862-83B7A25EA68F}.Release|Any CPU.ActiveCfg = Release|Any CPU
		{A6D5A84F-12E7-BEAA-E862-83B7A25EA68F}.Release|Any CPU.Build.0 = Release|Any CPU
		{7C62EE07-E2BD-A6E3-A6CA-7FA69EFB36FB}.Debug|Any CPU.ActiveCfg = Debug|Any CPU
		{7C62EE07-E2BD-A6E3-A6CA-7FA69EFB36FB}.Debug|Any CPU.Build.0 = Debug|Any CPU
		{7C62EE07-E2BD-A6E3-A6CA-7FA69EFB36FB}.Release|Any CPU.ActiveCfg = Release|Any CPU
		{7C62EE07-E2BD-A6E3-A6CA-7FA69EFB36FB}.Release|Any CPU.Build.0 = Release|Any CPU
		{BAA7D734-A25C-4614-2DE7-C42D60CE1C41}.Debug|Any CPU.ActiveCfg = Debug|Any CPU
		{BAA7D734-A25C-4614-2DE7-C42D60CE1C41}.Debug|Any CPU.Build.0 = Debug|Any CPU
		{BAA7D734-A25C-4614-2DE7-C42D60CE1C41}.Release|Any CPU.ActiveCfg = Release|Any CPU
		{BAA7D734-A25C-4614-2DE7-C42D60CE1C41}.Release|Any CPU.Build.0 = Release|Any CPU
		{F6F5C8C8-3367-7BFF-C107-7D20FED5FF1A}.Debug|Any CPU.ActiveCfg = Debug|Any CPU
		{F6F5C8C8-3367-7BFF-C107-7D20FED5FF1A}.Debug|Any CPU.Build.0 = Debug|Any CPU
		{F6F5C8C8-3367-7BFF-C107-7D20FED5FF1A}.Release|Any CPU.ActiveCfg = Release|Any CPU
		{F6F5C8C8-3367-7BFF-C107-7D20FED5FF1A}.Release|Any CPU.Build.0 = Release|Any CPU
		{E3BA5DA5-E76B-3BA9-43B4-C7692C9C716A}.Debug|Any CPU.ActiveCfg = Debug|Any CPU
		{E3BA5DA5-E76B-3BA9-43B4-C7692C9C716A}.Debug|Any CPU.Build.0 = Debug|Any CPU
		{E3BA5DA5-E76B-3BA9-43B4-C7692C9C716A}.Release|Any CPU.ActiveCfg = Release|Any CPU
		{E3BA5DA5-E76B-3BA9-43B4-C7692C9C716A}.Release|Any CPU.Build.0 = Release|Any CPU
		{3290C021-B1AA-162D-6920-B561DAFF3AA8}.Debug|Any CPU.ActiveCfg = Debug|Any CPU
		{3290C021-B1AA-162D-6920-B561DAFF3AA8}.Debug|Any CPU.Build.0 = Debug|Any CPU
		{3290C021-B1AA-162D-6920-B561DAFF3AA8}.Release|Any CPU.ActiveCfg = Release|Any CPU
		{3290C021-B1AA-162D-6920-B561DAFF3AA8}.Release|Any CPU.Build.0 = Release|Any CPU
		{D7235AC0-F439-E7A5-85F7-2B78D72CC131}.Debug|Any CPU.ActiveCfg = Debug|Any CPU
		{D7235AC0-F439-E7A5-85F7-2B78D72CC131}.Debug|Any CPU.Build.0 = Debug|Any CPU
		{D7235AC0-F439-E7A5-85F7-2B78D72CC131}.Release|Any CPU.ActiveCfg = Release|Any CPU
		{D7235AC0-F439-E7A5-85F7-2B78D72CC131}.Release|Any CPU.Build.0 = Release|Any CPU
		{093C0943-3599-6264-55E3-0F0A82E7FE08}.Debug|Any CPU.ActiveCfg = Debug|Any CPU
		{093C0943-3599-6264-55E3-0F0A82E7FE08}.Debug|Any CPU.Build.0 = Debug|Any CPU
		{093C0943-3599-6264-55E3-0F0A82E7FE08}.Release|Any CPU.ActiveCfg = Release|Any CPU
		{093C0943-3599-6264-55E3-0F0A82E7FE08}.Release|Any CPU.Build.0 = Release|Any CPU
		{040D2993-12E5-AACF-2E41-CE024A05241B}.Debug|Any CPU.ActiveCfg = Debug|Any CPU
		{040D2993-12E5-AACF-2E41-CE024A05241B}.Debug|Any CPU.Build.0 = Debug|Any CPU
		{040D2993-12E5-AACF-2E41-CE024A05241B}.Release|Any CPU.ActiveCfg = Release|Any CPU
		{040D2993-12E5-AACF-2E41-CE024A05241B}.Release|Any CPU.Build.0 = Release|Any CPU
		{70A482C5-8A9B-586C-946D-5DE19595474A}.Debug|Any CPU.ActiveCfg = Debug|Any CPU
		{70A482C5-8A9B-586C-946D-5DE19595474A}.Debug|Any CPU.Build.0 = Debug|Any CPU
		{70A482C5-8A9B-586C-946D-5DE19595474A}.Release|Any CPU.ActiveCfg = Release|Any CPU
		{70A482C5-8A9B-586C-946D-5DE19595474A}.Release|Any CPU.Build.0 = Release|Any CPU
		{364CF4F2-A401-CC78-B0C6-8D0898926A38}.Debug|Any CPU.ActiveCfg = Debug|Any CPU
		{364CF4F2-A401-CC78-B0C6-8D0898926A38}.Debug|Any CPU.Build.0 = Debug|Any CPU
		{364CF4F2-A401-CC78-B0C6-8D0898926A38}.Release|Any CPU.ActiveCfg = Release|Any CPU
		{364CF4F2-A401-CC78-B0C6-8D0898926A38}.Release|Any CPU.Build.0 = Release|Any CPU
		{E947708C-A6E8-5F94-7725-50ECA4DCEDF7}.Debug|Any CPU.ActiveCfg = Debug|Any CPU
		{E947708C-A6E8-5F94-7725-50ECA4DCEDF7}.Debug|Any CPU.Build.0 = Debug|Any CPU
		{E947708C-A6E8-5F94-7725-50ECA4DCEDF7}.Release|Any CPU.ActiveCfg = Release|Any CPU
		{E947708C-A6E8-5F94-7725-50ECA4DCEDF7}.Release|Any CPU.Build.0 = Release|Any CPU
		{90970DF4-B6BD-B8AE-5009-E414FF6F7566}.Debug|Any CPU.ActiveCfg = Debug|Any CPU
		{90970DF4-B6BD-B8AE-5009-E414FF6F7566}.Debug|Any CPU.Build.0 = Debug|Any CPU
		{90970DF4-B6BD-B8AE-5009-E414FF6F7566}.Release|Any CPU.ActiveCfg = Release|Any CPU
		{90970DF4-B6BD-B8AE-5009-E414FF6F7566}.Release|Any CPU.Build.0 = Release|Any CPU
		{B415917B-0AC9-BDE5-5708-86A3C3AB2787}.Debug|Any CPU.ActiveCfg = Debug|Any CPU
		{B415917B-0AC9-BDE5-5708-86A3C3AB2787}.Debug|Any CPU.Build.0 = Debug|Any CPU
		{B415917B-0AC9-BDE5-5708-86A3C3AB2787}.Release|Any CPU.ActiveCfg = Release|Any CPU
		{B415917B-0AC9-BDE5-5708-86A3C3AB2787}.Release|Any CPU.Build.0 = Release|Any CPU
		{A2A6ED1A-0AFB-96C4-9E71-F169AE4853AF}.Debug|Any CPU.ActiveCfg = Debug|Any CPU
		{A2A6ED1A-0AFB-96C4-9E71-F169AE4853AF}.Debug|Any CPU.Build.0 = Debug|Any CPU
		{A2A6ED1A-0AFB-96C4-9E71-F169AE4853AF}.Release|Any CPU.ActiveCfg = Release|Any CPU
		{A2A6ED1A-0AFB-96C4-9E71-F169AE4853AF}.Release|Any CPU.Build.0 = Release|Any CPU
		{DC7FC515-5122-9AD9-4B92-AA82732985E4}.Debug|Any CPU.ActiveCfg = Debug|Any CPU
		{DC7FC515-5122-9AD9-4B92-AA82732985E4}.Debug|Any CPU.Build.0 = Debug|Any CPU
		{DC7FC515-5122-9AD9-4B92-AA82732985E4}.Release|Any CPU.ActiveCfg = Release|Any CPU
		{DC7FC515-5122-9AD9-4B92-AA82732985E4}.Release|Any CPU.Build.0 = Release|Any CPU
		{63E6962E-A584-3708-3579-B2A22A2B706E}.Debug|Any CPU.ActiveCfg = Debug|Any CPU
		{63E6962E-A584-3708-3579-B2A22A2B706E}.Debug|Any CPU.Build.0 = Debug|Any CPU
		{63E6962E-A584-3708-3579-B2A22A2B706E}.Release|Any CPU.ActiveCfg = Release|Any CPU
		{63E6962E-A584-3708-3579-B2A22A2B706E}.Release|Any CPU.Build.0 = Release|Any CPU
		{60904AA0-0F0B-1DC3-6F50-3A8B1723CA70}.Debug|Any CPU.ActiveCfg = Debug|Any CPU
		{60904AA0-0F0B-1DC3-6F50-3A8B1723CA70}.Debug|Any CPU.Build.0 = Debug|Any CPU
		{60904AA0-0F0B-1DC3-6F50-3A8B1723CA70}.Release|Any CPU.ActiveCfg = Release|Any CPU
		{60904AA0-0F0B-1DC3-6F50-3A8B1723CA70}.Release|Any CPU.Build.0 = Release|Any CPU
		{82AEB126-46CD-BF78-B1A9-DB424E682BA7}.Debug|Any CPU.ActiveCfg = Debug|Any CPU
		{82AEB126-46CD-BF78-B1A9-DB424E682BA7}.Debug|Any CPU.Build.0 = Debug|Any CPU
		{82AEB126-46CD-BF78-B1A9-DB424E682BA7}.Release|Any CPU.ActiveCfg = Release|Any CPU
		{82AEB126-46CD-BF78-B1A9-DB424E682BA7}.Release|Any CPU.Build.0 = Release|Any CPU
		{07FEEC2B-F4D2-C6A1-6C8C-1917412BAB2F}.Debug|Any CPU.ActiveCfg = Debug|Any CPU
		{07FEEC2B-F4D2-C6A1-6C8C-1917412BAB2F}.Debug|Any CPU.Build.0 = Debug|Any CPU
		{07FEEC2B-F4D2-C6A1-6C8C-1917412BAB2F}.Release|Any CPU.ActiveCfg = Release|Any CPU
		{07FEEC2B-F4D2-C6A1-6C8C-1917412BAB2F}.Release|Any CPU.Build.0 = Release|Any CPU
		{1D71F039-013C-7453-C36B-3CB51AF17106}.Debug|Any CPU.ActiveCfg = Debug|Any CPU
		{1D71F039-013C-7453-C36B-3CB51AF17106}.Debug|Any CPU.Build.0 = Debug|Any CPU
		{1D71F039-013C-7453-C36B-3CB51AF17106}.Release|Any CPU.ActiveCfg = Release|Any CPU
		{1D71F039-013C-7453-C36B-3CB51AF17106}.Release|Any CPU.Build.0 = Release|Any CPU
		{6ACC2D51-33FE-2BE1-261F-192D8403B2A9}.Debug|Any CPU.ActiveCfg = Debug|Any CPU
		{6ACC2D51-33FE-2BE1-261F-192D8403B2A9}.Debug|Any CPU.Build.0 = Debug|Any CPU
		{6ACC2D51-33FE-2BE1-261F-192D8403B2A9}.Release|Any CPU.ActiveCfg = Release|Any CPU
		{6ACC2D51-33FE-2BE1-261F-192D8403B2A9}.Release|Any CPU.Build.0 = Release|Any CPU
		{678359AE-FB56-6800-95BB-1A0C2C2EA345}.Debug|Any CPU.ActiveCfg = Debug|Any CPU
		{678359AE-FB56-6800-95BB-1A0C2C2EA345}.Debug|Any CPU.Build.0 = Debug|Any CPU
		{678359AE-FB56-6800-95BB-1A0C2C2EA345}.Release|Any CPU.ActiveCfg = Release|Any CPU
		{678359AE-FB56-6800-95BB-1A0C2C2EA345}.Release|Any CPU.Build.0 = Release|Any CPU
		{7988D114-6CDA-851A-B8E4-5062722FBF11}.Debug|Any CPU.ActiveCfg = Debug|Any CPU
		{7988D114-6CDA-851A-B8E4-5062722FBF11}.Debug|Any CPU.Build.0 = Debug|Any CPU
		{7988D114-6CDA-851A-B8E4-5062722FBF11}.Release|Any CPU.ActiveCfg = Release|Any CPU
		{7988D114-6CDA-851A-B8E4-5062722FBF11}.Release|Any CPU.Build.0 = Release|Any CPU
		{AE9AF4F9-E34E-AC5D-C259-B445402D0A51}.Debug|Any CPU.ActiveCfg = Debug|Any CPU
		{AE9AF4F9-E34E-AC5D-C259-B445402D0A51}.Debug|Any CPU.Build.0 = Debug|Any CPU
		{AE9AF4F9-E34E-AC5D-C259-B445402D0A51}.Release|Any CPU.ActiveCfg = Release|Any CPU
		{AE9AF4F9-E34E-AC5D-C259-B445402D0A51}.Release|Any CPU.Build.0 = Release|Any CPU
		{C3206CAB-EF3B-60DA-53B1-CDFCEC2406E1}.Debug|Any CPU.ActiveCfg = Debug|Any CPU
		{C3206CAB-EF3B-60DA-53B1-CDFCEC2406E1}.Debug|Any CPU.Build.0 = Debug|Any CPU
		{C3206CAB-EF3B-60DA-53B1-CDFCEC2406E1}.Release|Any CPU.ActiveCfg = Release|Any CPU
		{C3206CAB-EF3B-60DA-53B1-CDFCEC2406E1}.Release|Any CPU.Build.0 = Release|Any CPU
		{2DAFC400-5CC2-6FAA-82C6-DF838ED14508}.Debug|Any CPU.ActiveCfg = Debug|Any CPU
		{2DAFC400-5CC2-6FAA-82C6-DF838ED14508}.Debug|Any CPU.Build.0 = Debug|Any CPU
		{2DAFC400-5CC2-6FAA-82C6-DF838ED14508}.Release|Any CPU.ActiveCfg = Release|Any CPU
		{2DAFC400-5CC2-6FAA-82C6-DF838ED14508}.Release|Any CPU.Build.0 = Release|Any CPU
		{43B47071-1AAE-AF20-349E-E858EF78CFA4}.Debug|Any CPU.ActiveCfg = Debug|Any CPU
		{43B47071-1AAE-AF20-349E-E858EF78CFA4}.Debug|Any CPU.Build.0 = Debug|Any CPU
		{43B47071-1AAE-AF20-349E-E858EF78CFA4}.Release|Any CPU.ActiveCfg = Release|Any CPU
		{43B47071-1AAE-AF20-349E-E858EF78CFA4}.Release|Any CPU.Build.0 = Release|Any CPU
		{EE1FA58E-E3BD-8F4C-DD47-5B0E0FC2DBB1}.Debug|Any CPU.ActiveCfg = Debug|Any CPU
		{EE1FA58E-E3BD-8F4C-DD47-5B0E0FC2DBB1}.Debug|Any CPU.Build.0 = Debug|Any CPU
		{EE1FA58E-E3BD-8F4C-DD47-5B0E0FC2DBB1}.Release|Any CPU.ActiveCfg = Release|Any CPU
		{EE1FA58E-E3BD-8F4C-DD47-5B0E0FC2DBB1}.Release|Any CPU.Build.0 = Release|Any CPU
		{7B39DBBA-99C5-1342-7D3E-8CB06328D264}.Debug|Any CPU.ActiveCfg = Debug|Any CPU
		{7B39DBBA-99C5-1342-7D3E-8CB06328D264}.Debug|Any CPU.Build.0 = Debug|Any CPU
		{7B39DBBA-99C5-1342-7D3E-8CB06328D264}.Release|Any CPU.ActiveCfg = Release|Any CPU
		{7B39DBBA-99C5-1342-7D3E-8CB06328D264}.Release|Any CPU.Build.0 = Release|Any CPU
		{14C0C4DE-58B9-B2CC-6659-8050ECD0A905}.Debug|Any CPU.ActiveCfg = Debug|Any CPU
		{14C0C4DE-58B9-B2CC-6659-8050ECD0A905}.Debug|Any CPU.Build.0 = Debug|Any CPU
		{14C0C4DE-58B9-B2CC-6659-8050ECD0A905}.Release|Any CPU.ActiveCfg = Release|Any CPU
		{14C0C4DE-58B9-B2CC-6659-8050ECD0A905}.Release|Any CPU.Build.0 = Release|Any CPU
		{8A5BB35B-528D-CAD4-0299-E092B4C8504E}.Debug|Any CPU.ActiveCfg = Debug|Any CPU
		{8A5BB35B-528D-CAD4-0299-E092B4C8504E}.Debug|Any CPU.Build.0 = Debug|Any CPU
		{8A5BB35B-528D-CAD4-0299-E092B4C8504E}.Release|Any CPU.ActiveCfg = Release|Any CPU
		{8A5BB35B-528D-CAD4-0299-E092B4C8504E}.Release|Any CPU.Build.0 = Release|Any CPU
		{BFB517C0-F626-A45F-850B-F108947189CB}.Debug|Any CPU.ActiveCfg = Debug|Any CPU
		{BFB517C0-F626-A45F-850B-F108947189CB}.Debug|Any CPU.Build.0 = Debug|Any CPU
		{BFB517C0-F626-A45F-850B-F108947189CB}.Release|Any CPU.ActiveCfg = Release|Any CPU
		{BFB517C0-F626-A45F-850B-F108947189CB}.Release|Any CPU.Build.0 = Release|Any CPU
		{3F87B3FE-E7F4-F995-CF03-5821D4C79A16}.Debug|Any CPU.ActiveCfg = Debug|Any CPU
		{3F87B3FE-E7F4-F995-CF03-5821D4C79A16}.Debug|Any CPU.Build.0 = Debug|Any CPU
		{3F87B3FE-E7F4-F995-CF03-5821D4C79A16}.Release|Any CPU.ActiveCfg = Release|Any CPU
		{3F87B3FE-E7F4-F995-CF03-5821D4C79A16}.Release|Any CPU.Build.0 = Release|Any CPU
		{48403418-08D3-8DFC-825F-EE5C7573277E}.Debug|Any CPU.ActiveCfg = Debug|Any CPU
		{48403418-08D3-8DFC-825F-EE5C7573277E}.Debug|Any CPU.Build.0 = Debug|Any CPU
		{48403418-08D3-8DFC-825F-EE5C7573277E}.Release|Any CPU.ActiveCfg = Release|Any CPU
		{48403418-08D3-8DFC-825F-EE5C7573277E}.Release|Any CPU.Build.0 = Release|Any CPU
		{7C9870BF-32AE-4FD5-EEAA-7751DD0818F5}.Debug|Any CPU.ActiveCfg = Debug|Any CPU
		{7C9870BF-32AE-4FD5-EEAA-7751DD0818F5}.Debug|Any CPU.Build.0 = Debug|Any CPU
		{7C9870BF-32AE-4FD5-EEAA-7751DD0818F5}.Release|Any CPU.ActiveCfg = Release|Any CPU
		{7C9870BF-32AE-4FD5-EEAA-7751DD0818F5}.Release|Any CPU.Build.0 = Release|Any CPU
		{7B8B2FF6-99FA-77FA-7A6A-302148B5F6EA}.Debug|Any CPU.ActiveCfg = Debug|Any CPU
		{7B8B2FF6-99FA-77FA-7A6A-302148B5F6EA}.Debug|Any CPU.Build.0 = Debug|Any CPU
		{7B8B2FF6-99FA-77FA-7A6A-302148B5F6EA}.Release|Any CPU.ActiveCfg = Release|Any CPU
		{7B8B2FF6-99FA-77FA-7A6A-302148B5F6EA}.Release|Any CPU.Build.0 = Release|Any CPU
		{C0AE6FDE-396F-FCF8-52B8-963CB8D9FD5D}.Debug|Any CPU.ActiveCfg = Debug|Any CPU
		{C0AE6FDE-396F-FCF8-52B8-963CB8D9FD5D}.Debug|Any CPU.Build.0 = Debug|Any CPU
		{C0AE6FDE-396F-FCF8-52B8-963CB8D9FD5D}.Release|Any CPU.ActiveCfg = Release|Any CPU
		{C0AE6FDE-396F-FCF8-52B8-963CB8D9FD5D}.Release|Any CPU.Build.0 = Release|Any CPU
		{F8824444-14F5-53CC-523C-0F58C4E273DB}.Debug|Any CPU.ActiveCfg = Debug|Any CPU
		{F8824444-14F5-53CC-523C-0F58C4E273DB}.Debug|Any CPU.Build.0 = Debug|Any CPU
		{F8824444-14F5-53CC-523C-0F58C4E273DB}.Release|Any CPU.ActiveCfg = Release|Any CPU
		{F8824444-14F5-53CC-523C-0F58C4E273DB}.Release|Any CPU.Build.0 = Release|Any CPU
		{ECC929C6-4FEF-ACFE-DC56-96A738203BEF}.Debug|Any CPU.ActiveCfg = Debug|Any CPU
		{ECC929C6-4FEF-ACFE-DC56-96A738203BEF}.Debug|Any CPU.Build.0 = Debug|Any CPU
		{ECC929C6-4FEF-ACFE-DC56-96A738203BEF}.Release|Any CPU.ActiveCfg = Release|Any CPU
		{ECC929C6-4FEF-ACFE-DC56-96A738203BEF}.Release|Any CPU.Build.0 = Release|Any CPU
		{35F4CB54-75ED-B0DF-B232-6806CC433841}.Debug|Any CPU.ActiveCfg = Debug|Any CPU
		{35F4CB54-75ED-B0DF-B232-6806CC433841}.Debug|Any CPU.Build.0 = Debug|Any CPU
		{35F4CB54-75ED-B0DF-B232-6806CC433841}.Release|Any CPU.ActiveCfg = Release|Any CPU
		{35F4CB54-75ED-B0DF-B232-6806CC433841}.Release|Any CPU.Build.0 = Release|Any CPU
		{5D07A2B7-BA67-13AE-57C2-C30ECA7E0C60}.Debug|Any CPU.ActiveCfg = Debug|Any CPU
		{5D07A2B7-BA67-13AE-57C2-C30ECA7E0C60}.Debug|Any CPU.Build.0 = Debug|Any CPU
		{5D07A2B7-BA67-13AE-57C2-C30ECA7E0C60}.Release|Any CPU.ActiveCfg = Release|Any CPU
		{5D07A2B7-BA67-13AE-57C2-C30ECA7E0C60}.Release|Any CPU.Build.0 = Release|Any CPU
		{A7CF663F-FA3C-32E6-F4A0-385D606032FF}.Debug|Any CPU.ActiveCfg = Debug|Any CPU
		{A7CF663F-FA3C-32E6-F4A0-385D606032FF}.Debug|Any CPU.Build.0 = Debug|Any CPU
		{A7CF663F-FA3C-32E6-F4A0-385D606032FF}.Release|Any CPU.ActiveCfg = Release|Any CPU
		{A7CF663F-FA3C-32E6-F4A0-385D606032FF}.Release|Any CPU.Build.0 = Release|Any CPU
		{8B852040-A57A-01E6-F10E-009C2D9F50DE}.Debug|Any CPU.ActiveCfg = Debug|Any CPU
		{8B852040-A57A-01E6-F10E-009C2D9F50DE}.Debug|Any CPU.Build.0 = Debug|Any CPU
		{8B852040-A57A-01E6-F10E-009C2D9F50DE}.Release|Any CPU.ActiveCfg = Release|Any CPU
		{8B852040-A57A-01E6-F10E-009C2D9F50DE}.Release|Any CPU.Build.0 = Release|Any CPU
		{FFB474AF-E54C-1416-CD0C-2EAA2ABF5341}.Debug|Any CPU.ActiveCfg = Debug|Any CPU
		{FFB474AF-E54C-1416-CD0C-2EAA2ABF5341}.Debug|Any CPU.Build.0 = Debug|Any CPU
		{FFB474AF-E54C-1416-CD0C-2EAA2ABF5341}.Release|Any CPU.ActiveCfg = Release|Any CPU
		{FFB474AF-E54C-1416-CD0C-2EAA2ABF5341}.Release|Any CPU.Build.0 = Release|Any CPU
		{839822D6-5B16-55DC-E3E0-77747F379F1E}.Debug|Any CPU.ActiveCfg = Debug|Any CPU
		{839822D6-5B16-55DC-E3E0-77747F379F1E}.Debug|Any CPU.Build.0 = Debug|Any CPU
		{839822D6-5B16-55DC-E3E0-77747F379F1E}.Release|Any CPU.ActiveCfg = Release|Any CPU
		{839822D6-5B16-55DC-E3E0-77747F379F1E}.Release|Any CPU.Build.0 = Release|Any CPU
		{BB4180C2-C68A-AE00-AB8F-81B34B22850A}.Debug|Any CPU.ActiveCfg = Debug|Any CPU
		{BB4180C2-C68A-AE00-AB8F-81B34B22850A}.Debug|Any CPU.Build.0 = Debug|Any CPU
		{BB4180C2-C68A-AE00-AB8F-81B34B22850A}.Release|Any CPU.ActiveCfg = Release|Any CPU
		{BB4180C2-C68A-AE00-AB8F-81B34B22850A}.Release|Any CPU.Build.0 = Release|Any CPU
		{2A94AC6E-E465-D07A-4242-DABC2CB4A3D2}.Debug|Any CPU.ActiveCfg = Debug|Any CPU
		{2A94AC6E-E465-D07A-4242-DABC2CB4A3D2}.Debug|Any CPU.Build.0 = Debug|Any CPU
		{2A94AC6E-E465-D07A-4242-DABC2CB4A3D2}.Release|Any CPU.ActiveCfg = Release|Any CPU
		{2A94AC6E-E465-D07A-4242-DABC2CB4A3D2}.Release|Any CPU.Build.0 = Release|Any CPU
		{A22F476A-8791-90A3-FE93-BD90836C93A1}.Debug|Any CPU.ActiveCfg = Debug|Any CPU
		{A22F476A-8791-90A3-FE93-BD90836C93A1}.Debug|Any CPU.Build.0 = Debug|Any CPU
		{A22F476A-8791-90A3-FE93-BD90836C93A1}.Release|Any CPU.ActiveCfg = Release|Any CPU
		{A22F476A-8791-90A3-FE93-BD90836C93A1}.Release|Any CPU.Build.0 = Release|Any CPU
		{280084FB-442D-A2FD-9D43-6602BC935DAD}.Debug|Any CPU.ActiveCfg = Debug|Any CPU
		{280084FB-442D-A2FD-9D43-6602BC935DAD}.Debug|Any CPU.Build.0 = Debug|Any CPU
		{280084FB-442D-A2FD-9D43-6602BC935DAD}.Release|Any CPU.ActiveCfg = Release|Any CPU
		{280084FB-442D-A2FD-9D43-6602BC935DAD}.Release|Any CPU.Build.0 = Release|Any CPU
		{8169937D-CE6B-995A-03CE-79440CE45EAD}.Debug|Any CPU.ActiveCfg = Debug|Any CPU
		{8169937D-CE6B-995A-03CE-79440CE45EAD}.Debug|Any CPU.Build.0 = Debug|Any CPU
		{8169937D-CE6B-995A-03CE-79440CE45EAD}.Release|Any CPU.ActiveCfg = Release|Any CPU
		{8169937D-CE6B-995A-03CE-79440CE45EAD}.Release|Any CPU.Build.0 = Release|Any CPU
		{C8413997-0096-4A8D-A6A2-BAD0995F5921}.Debug|Any CPU.ActiveCfg = Debug|Any CPU
		{C8413997-0096-4A8D-A6A2-BAD0995F5921}.Debug|Any CPU.Build.0 = Debug|Any CPU
		{C8413997-0096-4A8D-A6A2-BAD0995F5921}.Release|Any CPU.ActiveCfg = Release|Any CPU
		{C8413997-0096-4A8D-A6A2-BAD0995F5921}.Release|Any CPU.Build.0 = Release|Any CPU
		{E1FD5420-E2EE-A1AC-C320-903E4E27C89C}.Debug|Any CPU.ActiveCfg = Debug|Any CPU
		{E1FD5420-E2EE-A1AC-C320-903E4E27C89C}.Debug|Any CPU.Build.0 = Debug|Any CPU
		{E1FD5420-E2EE-A1AC-C320-903E4E27C89C}.Release|Any CPU.ActiveCfg = Release|Any CPU
		{E1FD5420-E2EE-A1AC-C320-903E4E27C89C}.Release|Any CPU.Build.0 = Release|Any CPU
		{5C49426A-89AB-583C-8F85-0BCB3ACE0844}.Debug|Any CPU.ActiveCfg = Debug|Any CPU
		{5C49426A-89AB-583C-8F85-0BCB3ACE0844}.Debug|Any CPU.Build.0 = Debug|Any CPU
		{5C49426A-89AB-583C-8F85-0BCB3ACE0844}.Release|Any CPU.ActiveCfg = Release|Any CPU
		{5C49426A-89AB-583C-8F85-0BCB3ACE0844}.Release|Any CPU.Build.0 = Release|Any CPU
		{3F98B091-370E-824D-13D3-C10A9B7D95B4}.Debug|Any CPU.ActiveCfg = Debug|Any CPU
		{3F98B091-370E-824D-13D3-C10A9B7D95B4}.Debug|Any CPU.Build.0 = Debug|Any CPU
		{3F98B091-370E-824D-13D3-C10A9B7D95B4}.Release|Any CPU.ActiveCfg = Release|Any CPU
		{3F98B091-370E-824D-13D3-C10A9B7D95B4}.Release|Any CPU.Build.0 = Release|Any CPU
		{23EA97B4-F3B4-D0EE-EBA5-EAEDD0D156A2}.Debug|Any CPU.ActiveCfg = Debug|Any CPU
		{23EA97B4-F3B4-D0EE-EBA5-EAEDD0D156A2}.Debug|Any CPU.Build.0 = Debug|Any CPU
		{23EA97B4-F3B4-D0EE-EBA5-EAEDD0D156A2}.Release|Any CPU.ActiveCfg = Release|Any CPU
		{23EA97B4-F3B4-D0EE-EBA5-EAEDD0D156A2}.Release|Any CPU.Build.0 = Release|Any CPU
		{4EC8E7CD-9EB9-3EE0-4CED-FD04C5296146}.Debug|Any CPU.ActiveCfg = Debug|Any CPU
		{4EC8E7CD-9EB9-3EE0-4CED-FD04C5296146}.Debug|Any CPU.Build.0 = Debug|Any CPU
		{4EC8E7CD-9EB9-3EE0-4CED-FD04C5296146}.Release|Any CPU.ActiveCfg = Release|Any CPU
		{4EC8E7CD-9EB9-3EE0-4CED-FD04C5296146}.Release|Any CPU.Build.0 = Release|Any CPU
	EndGlobalSection
	GlobalSection(SolutionProperties) = preSolution
		HideSolutionNode = FALSE
	EndGlobalSection
EndGlobal
